
Microsoft Visual Studio Solution File, Format Version 12.00
# Visual Studio Version 17
VisualStudioVersion = 17.10.35013.160
MinimumVisualStudioVersion = 10.0.40219.1
Project("{FAE04EC0-301F-11D3-BF4B-00C04F79EFBC}") = "LaunchToy", "LaunchToy\LaunchToy.csproj", "{8CB44A88-FEE9-4CD6-A980-3ED938D8B0D6}"
EndProject
Global
	GlobalSection(SolutionConfigurationPlatforms) = preSolution
		Debug|Any CPU = Debug|Any CPU
		Release|Any CPU = Release|Any CPU
	EndGlobalSection
	GlobalSection(ProjectConfigurationPlatforms) = postSolution
		{8CB44A88-FEE9-4CD6-A980-3ED938D8B0D6}.Debug|Any CPU.ActiveCfg = Debug|Any CPU
		{8CB44A88-FEE9-4CD6-A980-3ED938D8B0D6}.Debug|Any CPU.Build.0 = Debug|Any CPU
		{8CB44A88-FEE9-4CD6-A980-3ED938D8B0D6}.Release|Any CPU.ActiveCfg = Release|Any CPU
		{8CB44A88-FEE9-4CD6-A980-3ED938D8B0D6}.Release|Any CPU.Build.0 = Release|Any CPU
	EndGlobalSection
	GlobalSection(SolutionProperties) = preSolution
		HideSolutionNode = FALSE
	EndGlobalSection
	GlobalSection(ExtensibilityGlobals) = postSolution
		SolutionGuid = {CCBDB564-2BCD-4433-97DA-6EB3AAB8284F}
	EndGlobalSection
EndGlobal
